
Microsoft Visual Studio Solution File, Format Version 12.00
# Visual Studio Version 17
VisualStudioVersion = 17.10.34928.147
MinimumVisualStudioVersion = 10.0.40219.1
Project("{9A19103F-16F7-4668-BE54-9A1E7A4F7556}") = "PrimeEngineeringApi", "PrimeEngineeringApi\PrimeEngineeringApi.csproj", "{398E16B0-9AD2-4F94-A103-2912120C9818}"
EndProject
Project("{9A19103F-16F7-4668-BE54-9A1E7A4F7556}") = "PrimeEnginieringWinFormClient", "PrimeEnginieringWinFormClient\PrimeEnginieringWinFormClient.csproj", "{BEB1DF60-1742-46CD-B095-2D2A09CE865B}"
EndProject
Project("{FAE04EC0-301F-11D3-BF4B-00C04F79EFBC}") = "PrimeEngineeringTests", "PrimeEngineeringTests\PrimeEngineeringTests.csproj", "{0E09D75D-9B31-4958-B138-A6B8168A8184}"
EndProject
Global
	GlobalSection(SolutionConfigurationPlatforms) = preSolution
		Debug|Any CPU = Debug|Any CPU
		Release|Any CPU = Release|Any CPU
	EndGlobalSection
	GlobalSection(ProjectConfigurationPlatforms) = postSolution
		{398E16B0-9AD2-4F94-A103-2912120C9818}.Debug|Any CPU.ActiveCfg = Debug|Any CPU
		{398E16B0-9AD2-4F94-A103-2912120C9818}.Debug|Any CPU.Build.0 = Debug|Any CPU
		{398E16B0-9AD2-4F94-A103-2912120C9818}.Release|Any CPU.ActiveCfg = Release|Any CPU
		{398E16B0-9AD2-4F94-A103-2912120C9818}.Release|Any CPU.Build.0 = Release|Any CPU
		{BEB1DF60-1742-46CD-B095-2D2A09CE865B}.Debug|Any CPU.ActiveCfg = Debug|Any CPU
		{BEB1DF60-1742-46CD-B095-2D2A09CE865B}.Debug|Any CPU.Build.0 = Debug|Any CPU
		{BEB1DF60-1742-46CD-B095-2D2A09CE865B}.Release|Any CPU.ActiveCfg = Release|Any CPU
		{BEB1DF60-1742-46CD-B095-2D2A09CE865B}.Release|Any CPU.Build.0 = Release|Any CPU
		{0E09D75D-9B31-4958-B138-A6B8168A8184}.Debug|Any CPU.ActiveCfg = Debug|Any CPU
		{0E09D75D-9B31-4958-B138-A6B8168A8184}.Debug|Any CPU.Build.0 = Debug|Any CPU
		{0E09D75D-9B31-4958-B138-A6B8168A8184}.Release|Any CPU.ActiveCfg = Release|Any CPU
		{0E09D75D-9B31-4958-B138-A6B8168A8184}.Release|Any CPU.Build.0 = Release|Any CPU
	EndGlobalSection
	GlobalSection(SolutionProperties) = preSolution
		HideSolutionNode = FALSE
	EndGlobalSection
	GlobalSection(ExtensibilityGlobals) = postSolution
		SolutionGuid = {D464042E-88CA-442B-BAA8-932BCBA1ABE9}
	EndGlobalSection
EndGlobal
